{
  "name": "bunnest",
  "lockfileVersion": 3,
  "requires": true,
  "packages": {
    "": {
      "dependencies": {
        "bun": "^1.1.21",
        "reflect-metadata": "^0.2.2"
      },
      "devDependencies": {
        "@types/bun": "^1.1.6"
      }
    },
    "node_modules/@oven/bun-linux-x64": {
      "version": "1.1.21",
      "cpu": [
        "x64"
      ],
      "license": "MIT",
      "optional": true,
      "os": [
        "linux"
      ]
    },
    "node_modules/@oven/bun-linux-x64-baseline": {
      "version": "1.1.21",
      "cpu": [
        "x64"
      ],
      "license": "MIT",
      "optional": true,
      "os": [
        "linux"
      ]
    },
    "node_modules/@types/bun": {
      "version": "1.1.6",
      "dev": true,
      "license": "MIT",
      "dependencies": {
        "bun-types": "1.1.17"
      }
    },
    "node_modules/@types/node": {
      "version": "20.12.14",
      "dev": true,
      "license": "MIT",
      "dependencies": {
        "undici-types": "~5.26.4"
      }
    },
    "node_modules/@types/ws": {
      "version": "8.5.12",
      "dev": true,
      "license": "MIT",
      "dependencies": {
        "@types/node": "*"
      }
    },
    "node_modules/bun": {
      "version": "1.1.21",
      "cpu": [
        "arm64",
        "x64"
      ],
      "hasInstallScript": true,
      "license": "MIT",
      "os": [
        "darwin",
        "linux",
        "win32"
      ],
      "bin": {
        "bun": "bin/bun.exe",
        "bunx": "bin/bun.exe"
      },
      "optionalDependencies": {
        "@oven/bun-darwin-aarch64": "1.1.21",
        "@oven/bun-darwin-x64": "1.1.21",
        "@oven/bun-darwin-x64-baseline": "1.1.21",
        "@oven/bun-linux-aarch64": "1.1.21",
        "@oven/bun-linux-x64": "1.1.21",
        "@oven/bun-linux-x64-baseline": "1.1.21",
        "@oven/bun-windows-x64": "1.1.21",
        "@oven/bun-windows-x64-baseline": "1.1.21"
      }
    },
    "node_modules/bun-types": {
      "version": "1.1.17",
      "dev": true,
      "license": "MIT",
      "dependencies": {
        "@types/node": "~20.12.8",
        "@types/ws": "~8.5.10"
      }
    },
    "node_modules/reflect-metadata": {
      "version": "0.2.2",
      "license": "Apache-2.0"
    },
    "node_modules/undici-types": {
      "version": "5.26.5",
      "dev": true,
      "license": "MIT"
    }
  }
}
